// !$*UTF8*$!
{
	archiveVersion = 1;
	classes = {
	};
	objectVersion = 46;
	objects = {

/* Begin PBXBuildFile section */
		9CE1E79E18FE3C5700219890 /* FacebookLoginViewController.m in Sources */ = {isa = PBXBuildFile; fileRef = 9CE1E79D18FE3C5700219890 /* FacebookLoginViewController.m */; };
		9CE1E7A018FE3CF700219890 /* FacebookSDK.framework in Frameworks */ = {isa = PBXBuildFile; fileRef = 9CE1E79F18FE3CF700219890 /* FacebookSDK.framework */; };
		9CE1E7A318FE4C9400219890 /* Contants.m in Sources */ = {isa = PBXBuildFile; fileRef = 9CE1E7A218FE4C9400219890 /* Contants.m */; };
		9CE1E7A618FE582600219890 /* pickImageViewController.m in Sources */ = {isa = PBXBuildFile; fileRef = 9CE1E7A518FE582600219890 /* pickImageViewController.m */; };
		9CF8AAC918F92FD100E98D66 /* Foundation.framework in Frameworks */ = {isa = PBXBuildFile; fileRef = 9CF8AAC818F92FD100E98D66 /* Foundation.framework */; };
		9CF8AACB18F92FD100E98D66 /* CoreGraphics.framework in Frameworks */ = {isa = PBXBuildFile; fileRef = 9CF8AACA18F92FD100E98D66 /* CoreGraphics.framework */; };
		9CF8AACD18F92FD100E98D66 /* UIKit.framework in Frameworks */ = {isa = PBXBuildFile; fileRef = 9CF8AACC18F92FD100E98D66 /* UIKit.framework */; };
		9CF8AAD318F92FD100E98D66 /* InfoPlist.strings in Resources */ = {isa = PBXBuildFile; fileRef = 9CF8AAD118F92FD100E98D66 /* InfoPlist.strings */; };
		9CF8AAD518F92FD100E98D66 /* main.m in Sources */ = {isa = PBXBuildFile; fileRef = 9CF8AAD418F92FD100E98D66 /* main.m */; };
		9CF8AAD918F92FD100E98D66 /* zumnyAppDelegate.m in Sources */ = {isa = PBXBuildFile; fileRef = 9CF8AAD818F92FD100E98D66 /* zumnyAppDelegate.m */; };
		9CF8AADC18F92FD100E98D66 /* Main.storyboard in Resources */ = {isa = PBXBuildFile; fileRef = 9CF8AADA18F92FD100E98D66 /* Main.storyboard */; };
		9CF8AADF18F92FD100E98D66 /* zumnyViewController.m in Sources */ = {isa = PBXBuildFile; fileRef = 9CF8AADE18F92FD100E98D66 /* zumnyViewController.m */; };
		9CF8AAE118F92FD100E98D66 /* Images.xcassets in Resources */ = {isa = PBXBuildFile; fileRef = 9CF8AAE018F92FD100E98D66 /* Images.xcassets */; };
		9CF8AAE818F92FD100E98D66 /* XCTest.framework in Frameworks */ = {isa = PBXBuildFile; fileRef = 9CF8AAE718F92FD100E98D66 /* XCTest.framework */; };
		9CF8AAE918F92FD100E98D66 /* Foundation.framework in Frameworks */ = {isa = PBXBuildFile; fileRef = 9CF8AAC818F92FD100E98D66 /* Foundation.framework */; };
		9CF8AAEA18F92FD100E98D66 /* UIKit.framework in Frameworks */ = {isa = PBXBuildFile; fileRef = 9CF8AACC18F92FD100E98D66 /* UIKit.framework */; };
		9CF8AAF218F92FD100E98D66 /* InfoPlist.strings in Resources */ = {isa = PBXBuildFile; fileRef = 9CF8AAF018F92FD100E98D66 /* InfoPlist.strings */; };
		9CF8AAF418F92FD100E98D66 /* uploadS3TutorialTests.m in Sources */ = {isa = PBXBuildFile; fileRef = 9CF8AAF318F92FD100E98D66 /* uploadS3TutorialTests.m */; };
		9CF8AB1C18FB70EB00E98D66 /* AWSRuntime.framework in Frameworks */ = {isa = PBXBuildFile; fileRef = 9CF8AB1A18FB70EB00E98D66 /* AWSRuntime.framework */; };
		9CF8AB1D18FB70EB00E98D66 /* AWSS3.framework in Frameworks */ = {isa = PBXBuildFile; fileRef = 9CF8AB1B18FB70EB00E98D66 /* AWSS3.framework */; };
/* End PBXBuildFile section */

/* Begin PBXContainerItemProxy section */
		9CF8AAEB18F92FD100E98D66 /* PBXContainerItemProxy */ = {
			isa = PBXContainerItemProxy;
			containerPortal = 9CF8AABD18F92FD100E98D66 /* Project object */;
			proxyType = 1;
			remoteGlobalIDString = 9CF8AAC418F92FD100E98D66;
			remoteInfo = uploadS3Tutorial;
		};
/* End PBXContainerItemProxy section */

/* Begin PBXFileReference section */
		9CE1E79C18FE3C5700219890 /* FacebookLoginViewController.h */ = {isa = PBXFileReference; fileEncoding = 4; lastKnownFileType = sourcecode.c.h; path = FacebookLoginViewController.h; sourceTree = "<group>"; };
		9CE1E79D18FE3C5700219890 /* FacebookLoginViewController.m */ = {isa = PBXFileReference; fileEncoding = 4; lastKnownFileType = sourcecode.c.objc; path = FacebookLoginViewController.m; sourceTree = "<group>"; };
		9CE1E79F18FE3CF700219890 /* FacebookSDK.framework */ = {isa = PBXFileReference; lastKnownFileType = wrapper.framework; path = FacebookSDK.framework; sourceTree = "<group>"; };
		9CE1E7A118FE4C9400219890 /* Contants.h */ = {isa = PBXFileReference; fileEncoding = 4; lastKnownFileType = sourcecode.c.h; path = Contants.h; sourceTree = "<group>"; };
		9CE1E7A218FE4C9400219890 /* Contants.m */ = {isa = PBXFileReference; fileEncoding = 4; lastKnownFileType = sourcecode.c.objc; path = Contants.m; sourceTree = "<group>"; };
		9CE1E7A418FE582600219890 /* pickImageViewController.h */ = {isa = PBXFileReference; fileEncoding = 4; lastKnownFileType = sourcecode.c.h; path = pickImageViewController.h; sourceTree = "<group>"; };
		9CE1E7A518FE582600219890 /* pickImageViewController.m */ = {isa = PBXFileReference; fileEncoding = 4; lastKnownFileType = sourcecode.c.objc; path = pickImageViewController.m; sourceTree = "<group>"; };
		9CF8AAC518F92FD100E98D66 /* uploadS3Tutorial.app */ = {isa = PBXFileReference; explicitFileType = wrapper.application; includeInIndex = 0; path = uploadS3Tutorial.app; sourceTree = BUILT_PRODUCTS_DIR; };
		9CF8AAC818F92FD100E98D66 /* Foundation.framework */ = {isa = PBXFileReference; lastKnownFileType = wrapper.framework; name = Foundation.framework; path = System/Library/Frameworks/Foundation.framework; sourceTree = SDKROOT; };
		9CF8AACA18F92FD100E98D66 /* CoreGraphics.framework */ = {isa = PBXFileReference; lastKnownFileType = wrapper.framework; name = CoreGraphics.framework; path = System/Library/Frameworks/CoreGraphics.framework; sourceTree = SDKROOT; };
		9CF8AACC18F92FD100E98D66 /* UIKit.framework */ = {isa = PBXFileReference; lastKnownFileType = wrapper.framework; name = UIKit.framework; path = System/Library/Frameworks/UIKit.framework; sourceTree = SDKROOT; };
		9CF8AAD018F92FD100E98D66 /* uploadS3Tutorial-Info.plist */ = {isa = PBXFileReference; lastKnownFileType = text.plist.xml; path = "uploadS3Tutorial-Info.plist"; sourceTree = "<group>"; };
		9CF8AAD218F92FD100E98D66 /* en */ = {isa = PBXFileReference; lastKnownFileType = text.plist.strings; name = en; path = en.lproj/InfoPlist.strings; sourceTree = "<group>"; };
		9CF8AAD418F92FD100E98D66 /* main.m */ = {isa = PBXFileReference; lastKnownFileType = sourcecode.c.objc; path = main.m; sourceTree = "<group>"; };
		9CF8AAD618F92FD100E98D66 /* uploadS3Tutorial-Prefix.pch */ = {isa = PBXFileReference; lastKnownFileType = sourcecode.c.h; path = "uploadS3Tutorial-Prefix.pch"; sourceTree = "<group>"; };
		9CF8AAD718F92FD100E98D66 /* zumnyAppDelegate.h */ = {isa = PBXFileReference; lastKnownFileType = sourcecode.c.h; path = zumnyAppDelegate.h; sourceTree = "<group>"; };
		9CF8AAD818F92FD100E98D66 /* zumnyAppDelegate.m */ = {isa = PBXFileReference; lastKnownFileType = sourcecode.c.objc; path = zumnyAppDelegate.m; sourceTree = "<group>"; };
		9CF8AADB18F92FD100E98D66 /* Base */ = {isa = PBXFileReference; lastKnownFileType = file.storyboard; name = Base; path = Base.lproj/Main.storyboard; sourceTree = "<group>"; };
		9CF8AADD18F92FD100E98D66 /* zumnyViewController.h */ = {isa = PBXFileReference; lastKnownFileType = sourcecode.c.h; path = zumnyViewController.h; sourceTree = "<group>"; };
		9CF8AADE18F92FD100E98D66 /* zumnyViewController.m */ = {isa = PBXFileReference; lastKnownFileType = sourcecode.c.objc; path = zumnyViewController.m; sourceTree = "<group>"; };
		9CF8AAE018F92FD100E98D66 /* Images.xcassets */ = {isa = PBXFileReference; lastKnownFileType = folder.assetcatalog; path = Images.xcassets; sourceTree = "<group>"; };
		9CF8AAE618F92FD100E98D66 /* uploadS3TutorialTests.xctest */ = {isa = PBXFileReference; explicitFileType = wrapper.cfbundle; includeInIndex = 0; path = uploadS3TutorialTests.xctest; sourceTree = BUILT_PRODUCTS_DIR; };
		9CF8AAE718F92FD100E98D66 /* XCTest.framework */ = {isa = PBXFileReference; lastKnownFileType = wrapper.framework; name = XCTest.framework; path = Library/Frameworks/XCTest.framework; sourceTree = DEVELOPER_DIR; };
		9CF8AAEF18F92FD100E98D66 /* uploadS3TutorialTests-Info.plist */ = {isa = PBXFileReference; lastKnownFileType = text.plist.xml; path = "uploadS3TutorialTests-Info.plist"; sourceTree = "<group>"; };
		9CF8AAF118F92FD100E98D66 /* en */ = {isa = PBXFileReference; lastKnownFileType = text.plist.strings; name = en; path = en.lproj/InfoPlist.strings; sourceTree = "<group>"; };
		9CF8AAF318F92FD100E98D66 /* uploadS3TutorialTests.m */ = {isa = PBXFileReference; lastKnownFileType = sourcecode.c.objc; path = uploadS3TutorialTests.m; sourceTree = "<group>"; };
		9CF8AB1A18FB70EB00E98D66 /* AWSRuntime.framework */ = {isa = PBXFileReference; lastKnownFileType = wrapper.framework; path = AWSRuntime.framework; sourceTree = "<group>"; };
		9CF8AB1B18FB70EB00E98D66 /* AWSS3.framework */ = {isa = PBXFileReference; lastKnownFileType = wrapper.framework; path = AWSS3.framework; sourceTree = "<group>"; };
/* End PBXFileReference section */

/* Begin PBXFrameworksBuildPhase section */
		9CF8AAC218F92FD100E98D66 /* Frameworks */ = {
			isa = PBXFrameworksBuildPhase;
			buildActionMask = 2147483647;
			files = (
				9CF8AACB18F92FD100E98D66 /* CoreGraphics.framework in Frameworks */,
				9CF8AACD18F92FD100E98D66 /* UIKit.framework in Frameworks */,
				9CF8AAC918F92FD100E98D66 /* Foundation.framework in Frameworks */,
				9CF8AB1C18FB70EB00E98D66 /* AWSRuntime.framework in Frameworks */,
				9CF8AB1D18FB70EB00E98D66 /* AWSS3.framework in Frameworks */,
				9CE1E7A018FE3CF700219890 /* FacebookSDK.framework in Frameworks */,
			);
			runOnlyForDeploymentPostprocessing = 0;
		};
		9CF8AAE318F92FD100E98D66 /* Frameworks */ = {
			isa = PBXFrameworksBuildPhase;
			buildActionMask = 2147483647;
			files = (
				9CF8AAE818F92FD100E98D66 /* XCTest.framework in Frameworks */,
				9CF8AAEA18F92FD100E98D66 /* UIKit.framework in Frameworks */,
				9CF8AAE918F92FD100E98D66 /* Foundation.framework in Frameworks */,
			);
			runOnlyForDeploymentPostprocessing = 0;
		};
/* End PBXFrameworksBuildPhase section */

/* Begin PBXGroup section */
		9CF8AABC18F92FD100E98D66 = {
			isa = PBXGroup;
			children = (
				9CF8AACE18F92FD100E98D66 /* uploadS3Tutorial */,
				9CF8AAED18F92FD100E98D66 /* uploadS3TutorialTests */,
				9CF8AAC718F92FD100E98D66 /* Frameworks */,
				9CF8AAC618F92FD100E98D66 /* Products */,
			);
			sourceTree = "<group>";
		};
		9CF8AAC618F92FD100E98D66 /* Products */ = {
			isa = PBXGroup;
			children = (
				9CF8AAC518F92FD100E98D66 /* uploadS3Tutorial.app */,
				9CF8AAE618F92FD100E98D66 /* uploadS3TutorialTests.xctest */,
			);
			name = Products;
			sourceTree = "<group>";
		};
		9CF8AAC718F92FD100E98D66 /* Frameworks */ = {
			isa = PBXGroup;
			children = (
				9CE1E79F18FE3CF700219890 /* FacebookSDK.framework */,
				9CF8AB1A18FB70EB00E98D66 /* AWSRuntime.framework */,
				9CF8AB1B18FB70EB00E98D66 /* AWSS3.framework */,
				9CF8AAC818F92FD100E98D66 /* Foundation.framework */,
				9CF8AACA18F92FD100E98D66 /* CoreGraphics.framework */,
				9CF8AACC18F92FD100E98D66 /* UIKit.framework */,
				9CF8AAE718F92FD100E98D66 /* XCTest.framework */,
			);
			name = Frameworks;
			sourceTree = "<group>";
		};
		9CF8AACE18F92FD100E98D66 /* uploadS3Tutorial */ = {
			isa = PBXGroup;
			children = (
				9CE1E7A418FE582600219890 /* pickImageViewController.h */,
				9CE1E7A518FE582600219890 /* pickImageViewController.m */,
				9CF8AAD718F92FD100E98D66 /* zumnyAppDelegate.h */,
				9CF8AAD818F92FD100E98D66 /* zumnyAppDelegate.m */,
				9CF8AADA18F92FD100E98D66 /* Main.storyboard */,
				9CF8AADD18F92FD100E98D66 /* zumnyViewController.h */,
				9CF8AADE18F92FD100E98D66 /* zumnyViewController.m */,
				9CF8AAE018F92FD100E98D66 /* Images.xcassets */,
				9CF8AACF18F92FD100E98D66 /* Supporting Files */,
				9CE1E79C18FE3C5700219890 /* FacebookLoginViewController.h */,
				9CE1E79D18FE3C5700219890 /* FacebookLoginViewController.m */,
				9CE1E7A118FE4C9400219890 /* Contants.h */,
				9CE1E7A218FE4C9400219890 /* Contants.m */,
			);
			path = uploadS3Tutorial;
			sourceTree = "<group>";
		};
		9CF8AACF18F92FD100E98D66 /* Supporting Files */ = {
			isa = PBXGroup;
			children = (
				9CF8AAD018F92FD100E98D66 /* uploadS3Tutorial-Info.plist */,
				9CF8AAD118F92FD100E98D66 /* InfoPlist.strings */,
				9CF8AAD418F92FD100E98D66 /* main.m */,
				9CF8AAD618F92FD100E98D66 /* uploadS3Tutorial-Prefix.pch */,
			);
			name = "Supporting Files";
			sourceTree = "<group>";
		};
		9CF8AAED18F92FD100E98D66 /* uploadS3TutorialTests */ = {
			isa = PBXGroup;
			children = (
				9CF8AAF318F92FD100E98D66 /* uploadS3TutorialTests.m */,
				9CF8AAEE18F92FD100E98D66 /* Supporting Files */,
			);
			path = uploadS3TutorialTests;
			sourceTree = "<group>";
		};
		9CF8AAEE18F92FD100E98D66 /* Supporting Files */ = {
			isa = PBXGroup;
			children = (
				9CF8AAEF18F92FD100E98D66 /* uploadS3TutorialTests-Info.plist */,
				9CF8AAF018F92FD100E98D66 /* InfoPlist.strings */,
			);
			name = "Supporting Files";
			sourceTree = "<group>";
		};
/* End PBXGroup section */

/* Begin PBXNativeTarget section */
		9CF8AAC418F92FD100E98D66 /* uploadS3Tutorial */ = {
			isa = PBXNativeTarget;
			buildConfigurationList = 9CF8AAF718F92FD100E98D66 /* Build configuration list for PBXNativeTarget "uploadS3Tutorial" */;
			buildPhases = (
				9CF8AAC118F92FD100E98D66 /* Sources */,
				9CF8AAC218F92FD100E98D66 /* Frameworks */,
				9CF8AAC318F92FD100E98D66 /* Resources */,
			);
			buildRules = (
			);
			dependencies = (
			);
			name = uploadS3Tutorial;
			productName = uploadS3Tutorial;
			productReference = 9CF8AAC518F92FD100E98D66 /* uploadS3Tutorial.app */;
			productType = "com.apple.product-type.application";
		};
		9CF8AAE518F92FD100E98D66 /* uploadS3TutorialTests */ = {
			isa = PBXNativeTarget;
			buildConfigurationList = 9CF8AAFA18F92FD100E98D66 /* Build configuration list for PBXNativeTarget "uploadS3TutorialTests" */;
			buildPhases = (
				9CF8AAE218F92FD100E98D66 /* Sources */,
				9CF8AAE318F92FD100E98D66 /* Frameworks */,
				9CF8AAE418F92FD100E98D66 /* Resources */,
			);
			buildRules = (
			);
			dependencies = (
				9CF8AAEC18F92FD100E98D66 /* PBXTargetDependency */,
			);
			name = uploadS3TutorialTests;
			productName = uploadS3TutorialTests;
			productReference = 9CF8AAE618F92FD100E98D66 /* uploadS3TutorialTests.xctest */;
			productType = "com.apple.product-type.bundle.unit-test";
		};
/* End PBXNativeTarget section */

/* Begin PBXProject section */
		9CF8AABD18F92FD100E98D66 /* Project object */ = {
			isa = PBXProject;
			attributes = {
				CLASSPREFIX = zumny;
				LastUpgradeCheck = 0510;
				ORGANIZATIONNAME = "Maxime Aoustin";
				TargetAttributes = {
					9CF8AAE518F92FD100E98D66 = {
						TestTargetID = 9CF8AAC418F92FD100E98D66;
					};
				};
			};
			buildConfigurationList = 9CF8AAC018F92FD100E98D66 /* Build configuration list for PBXProject "uploadS3Tutorial" */;
			compatibilityVersion = "Xcode 3.2";
			developmentRegion = English;
			hasScannedForEncodings = 0;
			knownRegions = (
				en,
				Base,
			);
			mainGroup = 9CF8AABC18F92FD100E98D66;
			productRefGroup = 9CF8AAC618F92FD100E98D66 /* Products */;
			projectDirPath = "";
			projectRoot = "";
			targets = (
				9CF8AAC418F92FD100E98D66 /* uploadS3Tutorial */,
				9CF8AAE518F92FD100E98D66 /* uploadS3TutorialTests */,
			);
		};
/* End PBXProject section */

/* Begin PBXResourcesBuildPhase section */
		9CF8AAC318F92FD100E98D66 /* Resources */ = {
			isa = PBXResourcesBuildPhase;
			buildActionMask = 2147483647;
			files = (
				9CF8AAE118F92FD100E98D66 /* Images.xcassets in Resources */,
				9CF8AAD318F92FD100E98D66 /* InfoPlist.strings in Resources */,
				9CF8AADC18F92FD100E98D66 /* Main.storyboard in Resources */,
			);
			runOnlyForDeploymentPostprocessing = 0;
		};
		9CF8AAE418F92FD100E98D66 /* Resources */ = {
			isa = PBXResourcesBuildPhase;
			buildActionMask = 2147483647;
			files = (
				9CF8AAF218F92FD100E98D66 /* InfoPlist.strings in Resources */,
			);
			runOnlyForDeploymentPostprocessing = 0;
		};
/* End PBXResourcesBuildPhase section */

/* Begin PBXSourcesBuildPhase section */
		9CF8AAC118F92FD100E98D66 /* Sources */ = {
			isa = PBXSourcesBuildPhase;
			buildActionMask = 2147483647;
			files = (
				9CF8AAD918F92FD100E98D66 /* zumnyAppDelegate.m in Sources */,
				9CE1E79E18FE3C5700219890 /* FacebookLoginViewController.m in Sources */,
				9CE1E7A318FE4C9400219890 /* Contants.m in Sources */,
				9CF8AAD518F92FD100E98D66 /* main.m in Sources */,
				9CF8AADF18F92FD100E98D66 /* zumnyViewController.m in Sources */,
				9CE1E7A618FE582600219890 /* pickImageViewController.m in Sources */,
			);
			runOnlyForDeploymentPostprocessing = 0;
		};
		9CF8AAE218F92FD100E98D66 /* Sources */ = {
			isa = PBXSourcesBuildPhase;
			buildActionMask = 2147483647;
			files = (
				9CF8AAF418F92FD100E98D66 /* uploadS3TutorialTests.m in Sources */,
			);
			runOnlyForDeploymentPostprocessing = 0;
		};
/* End PBXSourcesBuildPhase section */

/* Begin PBXTargetDependency section */
		9CF8AAEC18F92FD100E98D66 /* PBXTargetDependency */ = {
			isa = PBXTargetDependency;
			target = 9CF8AAC418F92FD100E98D66 /* uploadS3Tutorial */;
			targetProxy = 9CF8AAEB18F92FD100E98D66 /* PBXContainerItemProxy */;
		};
/* End PBXTargetDependency section */

/* Begin PBXVariantGroup section */
		9CF8AAD118F92FD100E98D66 /* InfoPlist.strings */ = {
			isa = PBXVariantGroup;
			children = (
				9CF8AAD218F92FD100E98D66 /* en */,
			);
			name = InfoPlist.strings;
			sourceTree = "<group>";
		};
		9CF8AADA18F92FD100E98D66 /* Main.storyboard */ = {
			isa = PBXVariantGroup;
			children = (
				9CF8AADB18F92FD100E98D66 /* Base */,
			);
			name = Main.storyboard;
			sourceTree = "<group>";
		};
		9CF8AAF018F92FD100E98D66 /* InfoPlist.strings */ = {
			isa = PBXVariantGroup;
			children = (
				9CF8AAF118F92FD100E98D66 /* en */,
			);
			name = InfoPlist.strings;
			sourceTree = "<group>";
		};
/* End PBXVariantGroup section */

/* Begin XCBuildConfiguration section */
		9CF8AAF518F92FD100E98D66 /* Debug */ = {
			isa = XCBuildConfiguration;
			buildSettings = {
				ALWAYS_SEARCH_USER_PATHS = NO;
				CLANG_CXX_LANGUAGE_STANDARD = "gnu++0x";
				CLANG_CXX_LIBRARY = "libc++";
				CLANG_ENABLE_MODULES = YES;
				CLANG_ENABLE_OBJC_ARC = YES;
				CLANG_WARN_BOOL_CONVERSION = YES;
				CLANG_WARN_CONSTANT_CONVERSION = YES;
				CLANG_WARN_DIRECT_OBJC_ISA_USAGE = YES_ERROR;
				CLANG_WARN_EMPTY_BODY = YES;
				CLANG_WARN_ENUM_CONVERSION = YES;
				CLANG_WARN_INT_CONVERSION = YES;
				CLANG_WARN_OBJC_ROOT_CLASS = YES_ERROR;
				CLANG_WARN__DUPLICATE_METHOD_MATCH = YES;
				"CODE_SIGN_IDENTITY[sdk=iphoneos*]" = "iPhone Developer";
				COPY_PHASE_STRIP = NO;
				GCC_C_LANGUAGE_STANDARD = gnu99;
				GCC_DYNAMIC_NO_PIC = NO;
				GCC_OPTIMIZATION_LEVEL = 0;
				GCC_PREPROCESSOR_DEFINITIONS = (
					"DEBUG=1",
					"$(inherited)",
				);
				GCC_SYMBOLS_PRIVATE_EXTERN = NO;
				GCC_WARN_64_TO_32_BIT_CONVERSION = YES;
				GCC_WARN_ABOUT_RETURN_TYPE = YES_ERROR;
				GCC_WARN_UNDECLARED_SELECTOR = YES;
				GCC_WARN_UNINITIALIZED_AUTOS = YES_AGGRESSIVE;
				GCC_WARN_UNUSED_FUNCTION = YES;
				GCC_WARN_UNUSED_VARIABLE = YES;
				IPHONEOS_DEPLOYMENT_TARGET = 7.1;
				ONLY_ACTIVE_ARCH = YES;
				SDKROOT = iphoneos;
			};
			name = Debug;
		};
		9CF8AAF618F92FD100E98D66 /* Release */ = {
			isa = XCBuildConfiguration;
			buildSettings = {
				ALWAYS_SEARCH_USER_PATHS = NO;
				CLANG_CXX_LANGUAGE_STANDARD = "gnu++0x";
				CLANG_CXX_LIBRARY = "libc++";
				CLANG_ENABLE_MODULES = YES;
				CLANG_ENABLE_OBJC_ARC = YES;
				CLANG_WARN_BOOL_CONVERSION = YES;
				CLANG_WARN_CONSTANT_CONVERSION = YES;
				CLANG_WARN_DIRECT_OBJC_ISA_USAGE = YES_ERROR;
				CLANG_WARN_EMPTY_BODY = YES;
				CLANG_WARN_ENUM_CONVERSION = YES;
				CLANG_WARN_INT_CONVERSION = YES;
				CLANG_WARN_OBJC_ROOT_CLASS = YES_ERROR;
				CLANG_WARN__DUPLICATE_METHOD_MATCH = YES;
				"CODE_SIGN_IDENTITY[sdk=iphoneos*]" = "iPhone Developer";
				COPY_PHASE_STRIP = YES;
				ENABLE_NS_ASSERTIONS = NO;
				GCC_C_LANGUAGE_STANDARD = gnu99;
				GCC_WARN_64_TO_32_BIT_CONVERSION = YES;
				GCC_WARN_ABOUT_RETURN_TYPE = YES_ERROR;
				GCC_WARN_UNDECLARED_SELECTOR = YES;
				GCC_WARN_UNINITIALIZED_AUTOS = YES_AGGRESSIVE;
				GCC_WARN_UNUSED_FUNCTION = YES;
				GCC_WARN_UNUSED_VARIABLE = YES;
				IPHONEOS_DEPLOYMENT_TARGET = 7.1;
				SDKROOT = iphoneos;
				VALIDATE_PRODUCT = YES;
			};
			name = Release;
		};
		9CF8AAF818F92FD100E98D66 /* Debug */ = {
			isa = XCBuildConfiguration;
			buildSettings = {
				ASSETCATALOG_COMPILER_APPICON_NAME = AppIcon;
				ASSETCATALOG_COMPILER_LAUNCHIMAGE_NAME = LaunchImage;
				FRAMEWORK_SEARCH_PATHS = (
					"$(inherited)",
					"$(PROJECT_DIR)",
				);
				GCC_PRECOMPILE_PREFIX_HEADER = YES;
				GCC_PREFIX_HEADER = "uploadS3Tutorial/uploadS3Tutorial-Prefix.pch";
				INFOPLIST_FILE = "uploadS3Tutorial/uploadS3Tutorial-Info.plist";
				PRODUCT_NAME = "$(TARGET_NAME)";
				WRAPPER_EXTENSION = app;
			};
			name = Debug;
		};
		9CF8AAF918F92FD100E98D66 /* Release */ = {
			isa = XCBuildConfiguration;
			buildSettings = {
				ASSETCATALOG_COMPILER_APPICON_NAME = AppIcon;
				ASSETCATALOG_COMPILER_LAUNCHIMAGE_NAME = LaunchImage;
				FRAMEWORK_SEARCH_PATHS = (
					"$(inherited)",
					"$(PROJECT_DIR)",
				);
				GCC_PRECOMPILE_PREFIX_HEADER = YES;
				GCC_PREFIX_HEADER = "uploadS3Tutorial/uploadS3Tutorial-Prefix.pch";
				INFOPLIST_FILE = "uploadS3Tutorial/uploadS3Tutorial-Info.plist";
				PRODUCT_NAME = "$(TARGET_NAME)";
				WRAPPER_EXTENSION = app;
			};
			name = Release;
		};
		9CF8AAFB18F92FD100E98D66 /* Debug */ = {
			isa = XCBuildConfiguration;
			buildSettings = {
				BUNDLE_LOADER = "$(BUILT_PRODUCTS_DIR)/uploadS3Tutorial.app/uploadS3Tutorial";
				FRAMEWORK_SEARCH_PATHS = (
					"$(SDKROOT)/Developer/Library/Frameworks",
					"$(inherited)",
					"$(DEVELOPER_FRAMEWORKS_DIR)",
				);
				GCC_PRECOMPILE_PREFIX_HEADER = YES;
				GCC_PREFIX_HEADER = "uploadS3Tutorial/uploadS3Tutorial-Prefix.pch";
				GCC_PREPROCESSOR_DEFINITIONS = (
					"DEBUG=1",
					"$(inherited)",
				);
				INFOPLIST_FILE = "uploadS3TutorialTests/uploadS3TutorialTests-Info.plist";
				PRODUCT_NAME = "$(TARGET_NAME)";
				TEST_HOST = "$(BUNDLE_LOADER)";
				WRAPPER_EXTENSION = xctest;
			};
			name = Debug;
		};
		9CF8AAFC18F92FD100E98D66 /* Release */ = {
			isa = XCBuildConfiguration;
			buildSettings = {
				BUNDLE_LOADER = "$(BUILT_PRODUCTS_DIR)/uploadS3Tutorial.app/uploadS3Tutorial";
				FRAMEWORK_SEARCH_PATHS = (
					"$(SDKROOT)/Developer/Library/Frameworks",
					"$(inherited)",
					"$(DEVELOPER_FRAMEWORKS_DIR)",
				);
				GCC_PRECOMPILE_PREFIX_HEADER = YES;
				GCC_PREFIX_HEADER = "uploadS3Tutorial/uploadS3Tutorial-Prefix.pch";
				INFOPLIST_FILE = "uploadS3TutorialTests/uploadS3TutorialTests-Info.plist";
				PRODUCT_NAME = "$(TARGET_NAME)";
				TEST_HOST = "$(BUNDLE_LOADER)";
				WRAPPER_EXTENSION = xctest;
			};
			name = Release;
		};
/* End XCBuildConfiguration section */

/* Begin XCConfigurationList section */
		9CF8AAC018F92FD100E98D66 /* Build configuration list for PBXProject "uploadS3Tutorial" */ = {
			isa = XCConfigurationList;
			buildConfigurations = (
				9CF8AAF518F92FD100E98D66 /* Debug */,
				9CF8AAF618F92FD100E98D66 /* Release */,
			);
			defaultConfigurationIsVisible = 0;
			defaultConfigurationName = Release;
		};
		9CF8AAF718F92FD100E98D66 /* Build configuration list for PBXNativeTarget "uploadS3Tutorial" */ = {
			isa = XCConfigurationList;
			buildConfigurations = (
				9CF8AAF818F92FD100E98D66 /* Debug */,
				9CF8AAF918F92FD100E98D66 /* Release */,
			);
			defaultConfigurationIsVisible = 0;
			defaultConfigurationName = Release;
		};
		9CF8AAFA18F92FD100E98D66 /* Build configuration list for PBXNativeTarget "uploadS3TutorialTests" */ = {
			isa = XCConfigurationList;
			buildConfigurations = (
				9CF8AAFB18F92FD100E98D66 /* Debug */,
				9CF8AAFC18F92FD100E98D66 /* Release */,
			);
			defaultConfigurationIsVisible = 0;
			defaultConfigurationName = Release;
		};
/* End XCConfigurationList section */
	};
	rootObject = 9CF8AABD18F92FD100E98D66 /* Project object */;
}
